
Microsoft Visual Studio Solution File, Format Version 12.00
# Visual Studio 15
VisualStudioVersion = 15.0.27703.2042
MinimumVisualStudioVersion = 10.0.40219.1
Project("{FAE04EC0-301F-11D3-BF4B-00C04F79EFBC}") = "LaunchCode", "LaunchCode\LaunchCode.csproj", "{F7E7B8E5-8540-475B-9A8A-99C47508CCC1}"
EndProject
Global
	GlobalSection(SolutionConfigurationPlatforms) = preSolution
		Debug|Any CPU = Debug|Any CPU
		Release|Any CPU = Release|Any CPU
	EndGlobalSection
	GlobalSection(ProjectConfigurationPlatforms) = postSolution
		{F7E7B8E5-8540-475B-9A8A-99C47508CCC1}.Debug|Any CPU.ActiveCfg = Debug|Any CPU
		{F7E7B8E5-8540-475B-9A8A-99C47508CCC1}.Debug|Any CPU.Build.0 = Debug|Any CPU
		{F7E7B8E5-8540-475B-9A8A-99C47508CCC1}.Release|Any CPU.ActiveCfg = Release|Any CPU
		{F7E7B8E5-8540-475B-9A8A-99C47508CCC1}.Release|Any CPU.Build.0 = Release|Any CPU
	EndGlobalSection
	GlobalSection(SolutionProperties) = preSolution
		HideSolutionNode = FALSE
	EndGlobalSection
	GlobalSection(ExtensibilityGlobals) = postSolution
		SolutionGuid = {6523EF5A-4E54-4C78-902D-A51CB8AC23EF}
	EndGlobalSection
EndGlobal
