
Microsoft Visual Studio Solution File, Format Version 12.00
# Visual Studio 15
VisualStudioVersion = 15.0.27703.2042
MinimumVisualStudioVersion = 10.0.40219.1
Project("{FAE04EC0-301F-11D3-BF4B-00C04F79EFBC}") = "HelloWorld", "HelloWorld\HelloWorld.csproj", "{3B0E6AF6-E23E-4299-A18D-1DE6CBF6EA31}"
EndProject
Global
	GlobalSection(SolutionConfigurationPlatforms) = preSolution
		Debug|Any CPU = Debug|Any CPU
		Release|Any CPU = Release|Any CPU
	EndGlobalSection
	GlobalSection(ProjectConfigurationPlatforms) = postSolution
		{3B0E6AF6-E23E-4299-A18D-1DE6CBF6EA31}.Debug|Any CPU.ActiveCfg = Debug|Any CPU
		{3B0E6AF6-E23E-4299-A18D-1DE6CBF6EA31}.Debug|Any CPU.Build.0 = Debug|Any CPU
		{3B0E6AF6-E23E-4299-A18D-1DE6CBF6EA31}.Release|Any CPU.ActiveCfg = Release|Any CPU
		{3B0E6AF6-E23E-4299-A18D-1DE6CBF6EA31}.Release|Any CPU.Build.0 = Release|Any CPU
	EndGlobalSection
	GlobalSection(SolutionProperties) = preSolution
		HideSolutionNode = FALSE
	EndGlobalSection
	GlobalSection(ExtensibilityGlobals) = postSolution
		SolutionGuid = {650C8CA2-79E6-4468-82E1-28B9DF1C15B6}
	EndGlobalSection
EndGlobal
